
Microsoft Visual Studio Solution File, Format Version 12.00
# Visual Studio 15
VisualStudioVersion = 15.0.28010.2026
MinimumVisualStudioVersion = 10.0.40219.1
Project("{FAE04EC0-301F-11D3-BF4B-00C04F79EFBC}") = "TemanApotikProject", "TemanApotikProject\TemanApotikProject.csproj", "{DB8BDB8F-B100-427F-9ECF-5CAE4AE27828}"
EndProject
Global
	GlobalSection(SolutionConfigurationPlatforms) = preSolution
		Debug|Any CPU = Debug|Any CPU
		Release|Any CPU = Release|Any CPU
	EndGlobalSection
	GlobalSection(ProjectConfigurationPlatforms) = postSolution
		{DB8BDB8F-B100-427F-9ECF-5CAE4AE27828}.Debug|Any CPU.ActiveCfg = Debug|Any CPU
		{DB8BDB8F-B100-427F-9ECF-5CAE4AE27828}.Debug|Any CPU.Build.0 = Debug|Any CPU
		{DB8BDB8F-B100-427F-9ECF-5CAE4AE27828}.Release|Any CPU.ActiveCfg = Release|Any CPU
		{DB8BDB8F-B100-427F-9ECF-5CAE4AE27828}.Release|Any CPU.Build.0 = Release|Any CPU
	EndGlobalSection
	GlobalSection(SolutionProperties) = preSolution
		HideSolutionNode = FALSE
	EndGlobalSection
	GlobalSection(ExtensibilityGlobals) = postSolution
		SolutionGuid = {529C6B97-BA6E-4414-B4F0-DC56DF649EF7}
	EndGlobalSection
EndGlobal
